// !$*UTF8*$!
{
	archiveVersion = 1;
	classes = {
	};
	objectVersion = 46;
	objects = {

/* Begin PBXBuildFile section */
		5F2052FF1C050FFB0021F9DA /* Application.cpp in Sources */ = {isa = PBXBuildFile; fileRef = 5F2052FD1C050FFB0021F9DA /* Application.cpp */; };
		5F2053021C0510240021F9DA /* Application.cpp in Sources */ = {isa = PBXBuildFile; fileRef = 5F2053001C0510240021F9DA /* Application.cpp */; };
		5F2053051C0514850021F9DA /* opcodes.cpp in Sources */ = {isa = PBXBuildFile; fileRef = 5F2053031C0514850021F9DA /* opcodes.cpp */; };
		5F220C5B1BE415C600272D21 /* CPU.cpp in Sources */ = {isa = PBXBuildFile; fileRef = 5F220C591BE415C600272D21 /* CPU.cpp */; };
		5F67B2231C03A55E00D652BF /* libGLEW.1.13.0.dylib in Frameworks */ = {isa = PBXBuildFile; fileRef = 5F67B2221C03A55E00D652BF /* libGLEW.1.13.0.dylib */; };
		5F98ECD81BE2DAFB00CC4987 /* RasApplication.cpp in Sources */ = {isa = PBXBuildFile; fileRef = 5F98ECC31BE2DAFB00CC4987 /* RasApplication.cpp */; };
		5F98ECD91BE2DAFB00CC4987 /* Director.cpp in Sources */ = {isa = PBXBuildFile; fileRef = 5F98ECC61BE2DAFB00CC4987 /* Director.cpp */; };
		5F98ECDA1BE2DAFB00CC4987 /* BaseMath.cpp in Sources */ = {isa = PBXBuildFile; fileRef = 5F98ECC91BE2DAFB00CC4987 /* BaseMath.cpp */; };
		5F98ECDC1BE2DAFB00CC4987 /* Log.cpp in Sources */ = {isa = PBXBuildFile; fileRef = 5F98ECD11BE2DAFB00CC4987 /* Log.cpp */; };
		5F98ECDD1BE2DAFB00CC4987 /* Node.cpp in Sources */ = {isa = PBXBuildFile; fileRef = 5F98ECD41BE2DAFB00CC4987 /* Node.cpp */; };
		5F98ECDE1BE2DAFB00CC4987 /* Scene.cpp in Sources */ = {isa = PBXBuildFile; fileRef = 5F98ECD61BE2DAFB00CC4987 /* Scene.cpp */; };
		5F98ECE21BE2DB8C00CC4987 /* FileUtils.cpp in Sources */ = {isa = PBXBuildFile; fileRef = 5F98ECE11BE2DB8C00CC4987 /* FileUtils.cpp */; };
		5F9C1ADE1A2D343200FC5702 /* cpu.cpp in Sources */ = {isa = PBXBuildFile; fileRef = 5F9C1ADC1A2D343200FC5702 /* cpu.cpp */; };
		5FD44E9F1A2670B100A6BFA9 /* main.cpp in Sources */ = {isa = PBXBuildFile; fileRef = 5FD44E9E1A2670B100A6BFA9 /* main.cpp */; };
		5FDB491D1A23A908004B7CA5 /* OpenGL.framework in Frameworks */ = {isa = PBXBuildFile; fileRef = 5FDB491C1A23A908004B7CA5 /* OpenGL.framework */; };
		5FDB491F1A23A96F004B7CA5 /* GLUT.framework in Frameworks */ = {isa = PBXBuildFile; fileRef = 5FDB491E1A23A96F004B7CA5 /* GLUT.framework */; };
		5FDB49281A23C7E3004B7CA5 /* libglfw3.3.0.dylib in Frameworks */ = {isa = PBXBuildFile; fileRef = 5FDB49271A23C7E3004B7CA5 /* libglfw3.3.0.dylib */; };
		5FE3A4E31A2D3FB600A3A517 /* Resources in CopyFiles */ = {isa = PBXBuildFile; fileRef = 5F9C1ADF1A2D350000FC5702 /* Resources */; };
/* End PBXBuildFile section */

/* Begin PBXCopyFilesBuildPhase section */
		5FDB49101A23A815004B7CA5 /* CopyFiles */ = {
			isa = PBXCopyFilesBuildPhase;
			buildActionMask = 12;
			dstPath = "";
			dstSubfolderSpec = 7;
			files = (
				5FE3A4E31A2D3FB600A3A517 /* Resources in CopyFiles */,
			);
			runOnlyForDeploymentPostprocessing = 0;
		};
/* End PBXCopyFilesBuildPhase section */

/* Begin PBXFileReference section */
		5F2052FD1C050FFB0021F9DA /* Application.cpp */ = {isa = PBXFileReference; fileEncoding = 4; lastKnownFileType = sourcecode.cpp.cpp; path = Application.cpp; sourceTree = "<group>"; };
		5F2052FE1C050FFB0021F9DA /* Application.h */ = {isa = PBXFileReference; fileEncoding = 4; lastKnownFileType = sourcecode.c.h; path = Application.h; sourceTree = "<group>"; };
		5F2053001C0510240021F9DA /* Application.cpp */ = {isa = PBXFileReference; fileEncoding = 4; lastKnownFileType = sourcecode.cpp.cpp; path = Application.cpp; sourceTree = "<group>"; };
		5F2053011C0510240021F9DA /* Application.h */ = {isa = PBXFileReference; fileEncoding = 4; lastKnownFileType = sourcecode.c.h; path = Application.h; sourceTree = "<group>"; };
		5F2053031C0514850021F9DA /* opcodes.cpp */ = {isa = PBXFileReference; fileEncoding = 4; lastKnownFileType = sourcecode.cpp.cpp; path = opcodes.cpp; sourceTree = "<group>"; };
		5F2053041C0514850021F9DA /* opcodes.h */ = {isa = PBXFileReference; fileEncoding = 4; lastKnownFileType = sourcecode.c.h; path = opcodes.h; sourceTree = "<group>"; };
		5F220C591BE415C600272D21 /* CPU.cpp */ = {isa = PBXFileReference; fileEncoding = 4; lastKnownFileType = sourcecode.cpp.cpp; path = CPU.cpp; sourceTree = "<group>"; };
		5F220C5A1BE415C600272D21 /* CPU.h */ = {isa = PBXFileReference; fileEncoding = 4; lastKnownFileType = sourcecode.c.h; path = CPU.h; sourceTree = "<group>"; };
		5F67B2221C03A55E00D652BF /* libGLEW.1.13.0.dylib */ = {isa = PBXFileReference; lastKnownFileType = "compiled.mach-o.dylib"; name = libGLEW.1.13.0.dylib; path = ../../../../../usr/local/Cellar/glew/1.13.0/lib/libGLEW.1.13.0.dylib; sourceTree = "<group>"; };
		5F98ECC31BE2DAFB00CC4987 /* RasApplication.cpp */ = {isa = PBXFileReference; fileEncoding = 4; lastKnownFileType = sourcecode.cpp.cpp; path = RasApplication.cpp; sourceTree = "<group>"; };
		5F98ECC41BE2DAFB00CC4987 /* RasApplication.h */ = {isa = PBXFileReference; fileEncoding = 4; lastKnownFileType = sourcecode.c.h; path = RasApplication.h; sourceTree = "<group>"; };
		5F98ECC61BE2DAFB00CC4987 /* Director.cpp */ = {isa = PBXFileReference; fileEncoding = 4; lastKnownFileType = sourcecode.cpp.cpp; path = Director.cpp; sourceTree = "<group>"; };
		5F98ECC71BE2DAFB00CC4987 /* Director.h */ = {isa = PBXFileReference; fileEncoding = 4; lastKnownFileType = sourcecode.c.h; path = Director.h; sourceTree = "<group>"; };
		5F98ECC91BE2DAFB00CC4987 /* BaseMath.cpp */ = {isa = PBXFileReference; fileEncoding = 4; lastKnownFileType = sourcecode.cpp.cpp; path = BaseMath.cpp; sourceTree = "<group>"; };
		5F98ECCA1BE2DAFB00CC4987 /* BaseMath.h */ = {isa = PBXFileReference; fileEncoding = 4; lastKnownFileType = sourcecode.c.h; path = BaseMath.h; sourceTree = "<group>"; };
		5F98ECD01BE2DAFB00CC4987 /* FileUtils.h */ = {isa = PBXFileReference; fileEncoding = 4; lastKnownFileType = sourcecode.c.h; path = FileUtils.h; sourceTree = "<group>"; };
		5F98ECD11BE2DAFB00CC4987 /* Log.cpp */ = {isa = PBXFileReference; fileEncoding = 4; lastKnownFileType = sourcecode.cpp.cpp; path = Log.cpp; sourceTree = "<group>"; };
		5F98ECD21BE2DAFB00CC4987 /* Log.h */ = {isa = PBXFileReference; fileEncoding = 4; lastKnownFileType = sourcecode.c.h; path = Log.h; sourceTree = "<group>"; };
		5F98ECD41BE2DAFB00CC4987 /* Node.cpp */ = {isa = PBXFileReference; fileEncoding = 4; lastKnownFileType = sourcecode.cpp.cpp; path = Node.cpp; sourceTree = "<group>"; };
		5F98ECD51BE2DAFB00CC4987 /* Node.h */ = {isa = PBXFileReference; fileEncoding = 4; lastKnownFileType = sourcecode.c.h; path = Node.h; sourceTree = "<group>"; };
		5F98ECD61BE2DAFB00CC4987 /* Scene.cpp */ = {isa = PBXFileReference; fileEncoding = 4; lastKnownFileType = sourcecode.cpp.cpp; path = Scene.cpp; sourceTree = "<group>"; };
		5F98ECD71BE2DAFB00CC4987 /* Scene.h */ = {isa = PBXFileReference; fileEncoding = 4; lastKnownFileType = sourcecode.c.h; path = Scene.h; sourceTree = "<group>"; };
		5F98ECE11BE2DB8C00CC4987 /* FileUtils.cpp */ = {isa = PBXFileReference; fileEncoding = 4; lastKnownFileType = sourcecode.cpp.cpp; path = FileUtils.cpp; sourceTree = "<group>"; };
		5F9C1ADC1A2D343200FC5702 /* cpu.cpp */ = {isa = PBXFileReference; fileEncoding = 4; lastKnownFileType = sourcecode.cpp.cpp; path = cpu.cpp; sourceTree = "<group>"; };
		5F9C1ADD1A2D343200FC5702 /* cpu.h */ = {isa = PBXFileReference; fileEncoding = 4; lastKnownFileType = sourcecode.c.h; path = cpu.h; sourceTree = "<group>"; };
		5F9C1ADF1A2D350000FC5702 /* Resources */ = {isa = PBXFileReference; lastKnownFileType = folder; path = Resources; sourceTree = "<group>"; };
		5FD44E9E1A2670B100A6BFA9 /* main.cpp */ = {isa = PBXFileReference; fileEncoding = 4; lastKnownFileType = sourcecode.cpp.cpp; path = main.cpp; sourceTree = "<group>"; };
		5FDB49121A23A815004B7CA5 /* Chip8 Emulator */ = {isa = PBXFileReference; explicitFileType = "compiled.mach-o.executable"; includeInIndex = 0; path = "Chip8 Emulator"; sourceTree = BUILT_PRODUCTS_DIR; };
		5FDB491C1A23A908004B7CA5 /* OpenGL.framework */ = {isa = PBXFileReference; lastKnownFileType = wrapper.framework; name = OpenGL.framework; path = System/Library/Frameworks/OpenGL.framework; sourceTree = SDKROOT; };
		5FDB491E1A23A96F004B7CA5 /* GLUT.framework */ = {isa = PBXFileReference; lastKnownFileType = wrapper.framework; name = GLUT.framework; path = System/Library/Frameworks/GLUT.framework; sourceTree = SDKROOT; };
		5FDB49271A23C7E3004B7CA5 /* libglfw3.3.0.dylib */ = {isa = PBXFileReference; lastKnownFileType = "compiled.mach-o.dylib"; name = libglfw3.3.0.dylib; path = /usr/local/Cellar/glfw3/3.0.4/lib/libglfw3.3.0.dylib; sourceTree = "<absolute>"; };
/* End PBXFileReference section */

/* Begin PBXFrameworksBuildPhase section */
		5FDB490F1A23A815004B7CA5 /* Frameworks */ = {
			isa = PBXFrameworksBuildPhase;
			buildActionMask = 2147483647;
			files = (
				5F67B2231C03A55E00D652BF /* libGLEW.1.13.0.dylib in Frameworks */,
				5FDB49281A23C7E3004B7CA5 /* libglfw3.3.0.dylib in Frameworks */,
				5FDB491F1A23A96F004B7CA5 /* GLUT.framework in Frameworks */,
				5FDB491D1A23A908004B7CA5 /* OpenGL.framework in Frameworks */,
			);
			runOnlyForDeploymentPostprocessing = 0;
		};
/* End PBXFrameworksBuildPhase section */

/* Begin PBXGroup section */
		5F220C571BE411EB00272D21 /* NES */ = {
			isa = PBXGroup;
			children = (
			);
			path = NES;
			sourceTree = "<group>";
		};
		5F220C581BE4151D00272D21 /* GB */ = {
			isa = PBXGroup;
			children = (
				5F220C591BE415C600272D21 /* CPU.cpp */,
				5F220C5A1BE415C600272D21 /* CPU.h */,
				5F2053001C0510240021F9DA /* Application.cpp */,
				5F2053011C0510240021F9DA /* Application.h */,
			);
			path = GB;
			sourceTree = "<group>";
		};
		5F98ECC11BE2DAFB00CC4987 /* Ras2D */ = {
			isa = PBXGroup;
			children = (
				5F98ECC21BE2DAFB00CC4987 /* Application */,
				5F98ECC51BE2DAFB00CC4987 /* Controller */,
				5F98ECC81BE2DAFB00CC4987 /* Math */,
				5F98ECCB1BE2DAFB00CC4987 /* Platform */,
				5F98ECCF1BE2DAFB00CC4987 /* Util */,
				5F98ECD31BE2DAFB00CC4987 /* View */,
			);
			path = Ras2D;
			sourceTree = "<group>";
		};
		5F98ECC21BE2DAFB00CC4987 /* Application */ = {
			isa = PBXGroup;
			children = (
				5F98ECC31BE2DAFB00CC4987 /* RasApplication.cpp */,
				5F98ECC41BE2DAFB00CC4987 /* RasApplication.h */,
			);
			path = Application;
			sourceTree = "<group>";
		};
		5F98ECC51BE2DAFB00CC4987 /* Controller */ = {
			isa = PBXGroup;
			children = (
				5F98ECC61BE2DAFB00CC4987 /* Director.cpp */,
				5F98ECC71BE2DAFB00CC4987 /* Director.h */,
			);
			path = Controller;
			sourceTree = "<group>";
		};
		5F98ECC81BE2DAFB00CC4987 /* Math */ = {
			isa = PBXGroup;
			children = (
				5F98ECC91BE2DAFB00CC4987 /* BaseMath.cpp */,
				5F98ECCA1BE2DAFB00CC4987 /* BaseMath.h */,
			);
			path = Math;
			sourceTree = "<group>";
		};
		5F98ECCB1BE2DAFB00CC4987 /* Platform */ = {
			isa = PBXGroup;
			children = (
				5F98ECDF1BE2DB6400CC4987 /* OSX */,
			);
			path = Platform;
			sourceTree = "<group>";
		};
		5F98ECCF1BE2DAFB00CC4987 /* Util */ = {
			isa = PBXGroup;
			children = (
				5F98ECD01BE2DAFB00CC4987 /* FileUtils.h */,
				5F98ECD11BE2DAFB00CC4987 /* Log.cpp */,
				5F98ECD21BE2DAFB00CC4987 /* Log.h */,
			);
			path = Util;
			sourceTree = "<group>";
		};
		5F98ECD31BE2DAFB00CC4987 /* View */ = {
			isa = PBXGroup;
			children = (
				5F98ECD41BE2DAFB00CC4987 /* Node.cpp */,
				5F98ECD51BE2DAFB00CC4987 /* Node.h */,
				5F98ECD61BE2DAFB00CC4987 /* Scene.cpp */,
				5F98ECD71BE2DAFB00CC4987 /* Scene.h */,
			);
			path = View;
			sourceTree = "<group>";
		};
		5F98ECDF1BE2DB6400CC4987 /* OSX */ = {
			isa = PBXGroup;
			children = (
				5F98ECE01BE2DB7A00CC4987 /* Util */,
			);
			path = OSX;
			sourceTree = "<group>";
		};
		5F98ECE01BE2DB7A00CC4987 /* Util */ = {
			isa = PBXGroup;
			children = (
				5F98ECE11BE2DB8C00CC4987 /* FileUtils.cpp */,
			);
			path = Util;
			sourceTree = "<group>";
		};
		5F9C1ADB1A2D343200FC5702 /* Chip8 */ = {
			isa = PBXGroup;
			children = (
				5F2052FD1C050FFB0021F9DA /* Application.cpp */,
				5F2052FE1C050FFB0021F9DA /* Application.h */,
				5F9C1ADC1A2D343200FC5702 /* cpu.cpp */,
				5F9C1ADD1A2D343200FC5702 /* cpu.h */,
				5F2053031C0514850021F9DA /* opcodes.cpp */,
				5F2053041C0514850021F9DA /* opcodes.h */,
			);
			path = Chip8;
			sourceTree = "<group>";
		};
		5FDB49091A23A815004B7CA5 = {
			isa = PBXGroup;
			children = (
				5F9C1ADB1A2D343200FC5702 /* Chip8 */,
				5FDB492B1A23C820004B7CA5 /* Frameworks */,
				5F220C581BE4151D00272D21 /* GB */,
				5FD44E9E1A2670B100A6BFA9 /* main.cpp */,
				5F220C571BE411EB00272D21 /* NES */,
				5FDB49131A23A815004B7CA5 /* Products */,
				5F98ECC11BE2DAFB00CC4987 /* Ras2D */,
				5F9C1ADF1A2D350000FC5702 /* Resources */,
			);
			sourceTree = "<group>";
		};
		5FDB49131A23A815004B7CA5 /* Products */ = {
			isa = PBXGroup;
			children = (
				5FDB49121A23A815004B7CA5 /* Chip8 Emulator */,
			);
			name = Products;
			sourceTree = "<group>";
		};
		5FDB492B1A23C820004B7CA5 /* Frameworks */ = {
			isa = PBXGroup;
			children = (
				5F67B2221C03A55E00D652BF /* libGLEW.1.13.0.dylib */,
				5FDB49271A23C7E3004B7CA5 /* libglfw3.3.0.dylib */,
				5FDB491E1A23A96F004B7CA5 /* GLUT.framework */,
				5FDB491C1A23A908004B7CA5 /* OpenGL.framework */,
			);
			name = Frameworks;
			sourceTree = "<group>";
		};
/* End PBXGroup section */

/* Begin PBXNativeTarget section */
		5FDB49111A23A815004B7CA5 /* Chip8 Emulator */ = {
			isa = PBXNativeTarget;
			buildConfigurationList = 5FDB49191A23A815004B7CA5 /* Build configuration list for PBXNativeTarget "Chip8 Emulator" */;
			buildPhases = (
				5FDB490E1A23A815004B7CA5 /* Sources */,
				5FDB490F1A23A815004B7CA5 /* Frameworks */,
				5FDB49101A23A815004B7CA5 /* CopyFiles */,
			);
			buildRules = (
			);
			dependencies = (
			);
			name = "Chip8 Emulator";
			productName = "OpenGL RTT";
			productReference = 5FDB49121A23A815004B7CA5 /* Chip8 Emulator */;
			productType = "com.apple.product-type.tool";
		};
/* End PBXNativeTarget section */

/* Begin PBXProject section */
		5FDB490A1A23A815004B7CA5 /* Project object */ = {
			isa = PBXProject;
			attributes = {
				LastUpgradeCheck = 0610;
				ORGANIZATIONNAME = "David Hodgkinson";
				TargetAttributes = {
					5FDB49111A23A815004B7CA5 = {
						CreatedOnToolsVersion = 6.1;
					};
				};
			};
			buildConfigurationList = 5FDB490D1A23A815004B7CA5 /* Build configuration list for PBXProject "Chip8 Emulator" */;
			compatibilityVersion = "Xcode 3.2";
			developmentRegion = English;
			hasScannedForEncodings = 0;
			knownRegions = (
				en,
			);
			mainGroup = 5FDB49091A23A815004B7CA5;
			productRefGroup = 5FDB49131A23A815004B7CA5 /* Products */;
			projectDirPath = "";
			projectRoot = "";
			targets = (
				5FDB49111A23A815004B7CA5 /* Chip8 Emulator */,
			);
		};
/* End PBXProject section */

/* Begin PBXSourcesBuildPhase section */
		5FDB490E1A23A815004B7CA5 /* Sources */ = {
			isa = PBXSourcesBuildPhase;
			buildActionMask = 2147483647;
			files = (
				5F2053051C0514850021F9DA /* opcodes.cpp in Sources */,
				5F98ECE21BE2DB8C00CC4987 /* FileUtils.cpp in Sources */,
				5F220C5B1BE415C600272D21 /* CPU.cpp in Sources */,
				5F2052FF1C050FFB0021F9DA /* Application.cpp in Sources */,
				5F98ECDD1BE2DAFB00CC4987 /* Node.cpp in Sources */,
				5F98ECD91BE2DAFB00CC4987 /* Director.cpp in Sources */,
				5F9C1ADE1A2D343200FC5702 /* cpu.cpp in Sources */,
				5F98ECDC1BE2DAFB00CC4987 /* Log.cpp in Sources */,
				5F98ECDA1BE2DAFB00CC4987 /* BaseMath.cpp in Sources */,
				5F2053021C0510240021F9DA /* Application.cpp in Sources */,
				5F98ECD81BE2DAFB00CC4987 /* RasApplication.cpp in Sources */,
				5F98ECDE1BE2DAFB00CC4987 /* Scene.cpp in Sources */,
				5FD44E9F1A2670B100A6BFA9 /* main.cpp in Sources */,
			);
			runOnlyForDeploymentPostprocessing = 0;
		};
/* End PBXSourcesBuildPhase section */

/* Begin XCBuildConfiguration section */
		5FDB49171A23A815004B7CA5 /* Debug */ = {
			isa = XCBuildConfiguration;
			buildSettings = {
				ALWAYS_SEARCH_USER_PATHS = YES;
				CLANG_CXX_LANGUAGE_STANDARD = "gnu++0x";
				CLANG_CXX_LIBRARY = "libc++";
				CLANG_ENABLE_MODULES = YES;
				CLANG_ENABLE_OBJC_ARC = YES;
				CLANG_WARN_BOOL_CONVERSION = YES;
				CLANG_WARN_CONSTANT_CONVERSION = YES;
				CLANG_WARN_DIRECT_OBJC_ISA_USAGE = YES_ERROR;
				CLANG_WARN_EMPTY_BODY = YES;
				CLANG_WARN_ENUM_CONVERSION = YES;
				CLANG_WARN_INT_CONVERSION = YES;
				CLANG_WARN_OBJC_ROOT_CLASS = YES_ERROR;
				CLANG_WARN_UNREACHABLE_CODE = YES;
				CLANG_WARN__DUPLICATE_METHOD_MATCH = YES;
				COPY_PHASE_STRIP = NO;
				ENABLE_STRICT_OBJC_MSGSEND = YES;
				FRAMEWORK_SEARCH_PATHS = "";
				GCC_C_LANGUAGE_STANDARD = gnu99;
				GCC_DYNAMIC_NO_PIC = NO;
				GCC_OPTIMIZATION_LEVEL = 0;
				GCC_PREPROCESSOR_DEFINITIONS = (
					"DEBUG=1",
					"$(inherited)",
				);
				GCC_SYMBOLS_PRIVATE_EXTERN = NO;
				GCC_WARN_64_TO_32_BIT_CONVERSION = YES;
				GCC_WARN_ABOUT_RETURN_TYPE = YES_ERROR;
				GCC_WARN_UNDECLARED_SELECTOR = YES;
				GCC_WARN_UNINITIALIZED_AUTOS = YES_AGGRESSIVE;
				GCC_WARN_UNUSED_FUNCTION = YES;
				GCC_WARN_UNUSED_VARIABLE = YES;
				HEADER_SEARCH_PATHS = (
					"$(inherited)",
					/Applications/Xcode.app/Contents/Developer/Toolchains/XcodeDefault.xctoolchain/usr/include,
					/usr/local/Cellar/glew/1.11.0/include,
					/usr/local/Cellar/glfw3/3.0.4/include,
					"$(PROJECT_DIR)/**",
				);
				LIBRARY_SEARCH_PATHS = (
					/usr/local/Cellar/glfw3/3.0.4/lib/,
					/usr/local/Cellar/glew/1.11.0/lib/,
				);
				MACOSX_DEPLOYMENT_TARGET = 10.10;
				MTL_ENABLE_DEBUG_INFO = YES;
				ONLY_ACTIVE_ARCH = YES;
				SDKROOT = macosx;
			};
			name = Debug;
		};
		5FDB49181A23A815004B7CA5 /* Release */ = {
			isa = XCBuildConfiguration;
			buildSettings = {
				ALWAYS_SEARCH_USER_PATHS = YES;
				CLANG_CXX_LANGUAGE_STANDARD = "gnu++0x";
				CLANG_CXX_LIBRARY = "libc++";
				CLANG_ENABLE_MODULES = YES;
				CLANG_ENABLE_OBJC_ARC = YES;
				CLANG_WARN_BOOL_CONVERSION = YES;
				CLANG_WARN_CONSTANT_CONVERSION = YES;
				CLANG_WARN_DIRECT_OBJC_ISA_USAGE = YES_ERROR;
				CLANG_WARN_EMPTY_BODY = YES;
				CLANG_WARN_ENUM_CONVERSION = YES;
				CLANG_WARN_INT_CONVERSION = YES;
				CLANG_WARN_OBJC_ROOT_CLASS = YES_ERROR;
				CLANG_WARN_UNREACHABLE_CODE = YES;
				CLANG_WARN__DUPLICATE_METHOD_MATCH = YES;
				COPY_PHASE_STRIP = YES;
				DEBUG_INFORMATION_FORMAT = "dwarf-with-dsym";
				ENABLE_NS_ASSERTIONS = NO;
				ENABLE_STRICT_OBJC_MSGSEND = YES;
				FRAMEWORK_SEARCH_PATHS = "";
				GCC_C_LANGUAGE_STANDARD = gnu99;
				GCC_WARN_64_TO_32_BIT_CONVERSION = YES;
				GCC_WARN_ABOUT_RETURN_TYPE = YES_ERROR;
				GCC_WARN_UNDECLARED_SELECTOR = YES;
				GCC_WARN_UNINITIALIZED_AUTOS = YES_AGGRESSIVE;
				GCC_WARN_UNUSED_FUNCTION = YES;
				GCC_WARN_UNUSED_VARIABLE = YES;
				HEADER_SEARCH_PATHS = (
					"$(inherited)",
					/Applications/Xcode.app/Contents/Developer/Toolchains/XcodeDefault.xctoolchain/usr/include,
					/usr/local/Cellar/glew/1.11.0/include,
					/usr/local/Cellar/glfw3/3.0.4/include,
					"$(PROJECT_DIR)/**",
				);
				LIBRARY_SEARCH_PATHS = (
					/usr/local/Cellar/glfw3/3.0.4/lib/,
					/usr/local/Cellar/glew/1.11.0/lib/,
				);
				MACOSX_DEPLOYMENT_TARGET = 10.10;
				MTL_ENABLE_DEBUG_INFO = NO;
				SDKROOT = macosx;
			};
			name = Release;
		};
		5FDB491A1A23A815004B7CA5 /* Debug */ = {
			isa = XCBuildConfiguration;
			buildSettings = {
				ALWAYS_SEARCH_USER_PATHS = YES;
				FRAMEWORK_SEARCH_PATHS = "";
				LIBRARY_SEARCH_PATHS = (
					/usr/local/Cellar/glew/1.11.0/lib/,
					/usr/local/Cellar/glfw3/3.0.4/lib/,
					/usr/local/Cellar/glew/1.12.0/lib,
					/usr/local/Cellar/glew/1.13.0/lib,
				);
				PRODUCT_NAME = "Chip8 Emulator";
			};
			name = Debug;
		};
		5FDB491B1A23A815004B7CA5 /* Release */ = {
			isa = XCBuildConfiguration;
			buildSettings = {
				ALWAYS_SEARCH_USER_PATHS = YES;
				FRAMEWORK_SEARCH_PATHS = "";
				LIBRARY_SEARCH_PATHS = (
					/usr/local/Cellar/glew/1.11.0/lib/,
					/usr/local/Cellar/glfw3/3.0.4/lib/,
					/usr/local/Cellar/glew/1.12.0/lib,
					/usr/local/Cellar/glew/1.13.0/lib,
				);
				PRODUCT_NAME = "Chip8 Emulator";
			};
			name = Release;
		};
/* End XCBuildConfiguration section */

/* Begin XCConfigurationList section */
		5FDB490D1A23A815004B7CA5 /* Build configuration list for PBXProject "Chip8 Emulator" */ = {
			isa = XCConfigurationList;
			buildConfigurations = (
				5FDB49171A23A815004B7CA5 /* Debug */,
				5FDB49181A23A815004B7CA5 /* Release */,
			);
			defaultConfigurationIsVisible = 0;
			defaultConfigurationName = Release;
		};
		5FDB49191A23A815004B7CA5 /* Build configuration list for PBXNativeTarget "Chip8 Emulator" */ = {
			isa = XCConfigurationList;
			buildConfigurations = (
				5FDB491A1A23A815004B7CA5 /* Debug */,
				5FDB491B1A23A815004B7CA5 /* Release */,
			);
			defaultConfigurationIsVisible = 0;
			defaultConfigurationName = Release;
		};
/* End XCConfigurationList section */
	};
	rootObject = 5FDB490A1A23A815004B7CA5 /* Project object */;
}
