<?xml version="1.0" encoding="utf-8"?>
<Project ToolsVersion="4.0" xmlns="http://schemas.microsoft.com/developer/msbuild/2003">
  <ItemGroup>
    <Filter Include="Source Files">
      <UniqueIdentifier>{4FC737F1-C7A5-4376-A066-2A32D752A2FF}</UniqueIdentifier>
      <Extensions>cpp;c;cc;cxx;def;odl;idl;hpj;bat;asm;asmx</Extensions>
    </Filter>
    <Filter Include="Header Files">
      <UniqueIdentifier>{93995380-89BD-4b04-88EB-625FBE52EBFB}</UniqueIdentifier>
      <Extensions>h;hh;hpp;hxx;hm;inl;inc;xsd</Extensions>
    </Filter>
    <Filter Include="Resource Files">
      <UniqueIdentifier>{67DA6AB6-F800-4c08-8B7A-83BB121AAD01}</UniqueIdentifier>
      <Extensions>rc;ico;cur;bmp;dlg;rc2;rct;bin;rgs;gif;jpg;jpeg;jpe;resx;tiff;tif;png;wav;mfcribbon-ms</Extensions>
    </Filter>
    <Filter Include="Resource Files\Shaders">
      <UniqueIdentifier>{64d8a8c2-15b1-4f4c-929f-da8935b58697}</UniqueIdentifier>
    </Filter>
    <Filter Include="Resource Files\ROMs">
      <UniqueIdentifier>{b9be394e-0194-4964-a898-67e461c8c612}</UniqueIdentifier>
    </Filter>
    <Filter Include="Source Files\Chip8">
      <UniqueIdentifier>{e9c7a198-86e5-45ec-86de-3d6527df848e}</UniqueIdentifier>
    </Filter>
    <Filter Include="Source Files\Ras2D">
      <UniqueIdentifier>{20a62b15-f897-4655-afc1-1c0d5563b542}</UniqueIdentifier>
    </Filter>
    <Filter Include="Source Files\Ras2D\Controller">
      <UniqueIdentifier>{a033882b-76a0-4006-afbe-9c637e5493dd}</UniqueIdentifier>
    </Filter>
    <Filter Include="Source Files\Ras2D\View">
      <UniqueIdentifier>{ac842c7f-150b-47b5-af2a-709bb945efa9}</UniqueIdentifier>
    </Filter>
    <Filter Include="Source Files\Ras2D\Util">
      <UniqueIdentifier>{1c90868e-16f3-4f59-906a-73514d80b110}</UniqueIdentifier>
    </Filter>
    <Filter Include="Source Files\Ras2D\Application">
      <UniqueIdentifier>{3cc83e8b-bf42-41f1-9813-71351e79ac84}</UniqueIdentifier>
    </Filter>
    <Filter Include="Source Files\Ras2D\Platform">
      <UniqueIdentifier>{b980f477-2bc5-4c32-ae95-2197626ea4bf}</UniqueIdentifier>
    </Filter>
    <Filter Include="Source Files\Ras2D\Platform\Win32">
      <UniqueIdentifier>{f843ed68-3733-4bd5-b052-cf947f65a318}</UniqueIdentifier>
    </Filter>
    <Filter Include="Source Files\Ras2D\Math">
      <UniqueIdentifier>{b3998410-d251-4bab-b4f5-d53ba8e801a1}</UniqueIdentifier>
    </Filter>
  </ItemGroup>
  <ItemGroup>
    <ClCompile Include="..\..\..\..\main.cpp">
      <Filter>Source Files</Filter>
    </ClCompile>
    <ClCompile Include="..\..\..\..\Chip8\cpu.cpp">
      <Filter>Source Files\Chip8</Filter>
    </ClCompile>
    <ClCompile Include="..\..\..\..\Ras2D\Application\RasApplication.cpp">
      <Filter>Source Files\Ras2D\Application</Filter>
    </ClCompile>
    <ClCompile Include="..\..\..\..\Ras2D\Controller\Director.cpp">
      <Filter>Source Files\Ras2D\Controller</Filter>
    </ClCompile>
    <ClCompile Include="..\..\..\..\Ras2D\Util\Log.cpp">
      <Filter>Source Files\Ras2D\Util</Filter>
    </ClCompile>
    <ClCompile Include="..\..\..\..\Ras2D\View\Node.cpp">
      <Filter>Source Files\Ras2D\View</Filter>
    </ClCompile>
    <ClCompile Include="..\..\..\..\Chip8\Application.cpp">
      <Filter>Source Files\Chip8</Filter>
    </ClCompile>
    <ClCompile Include="..\..\..\..\Ras2D\Platform\Win32\Util\FileUtils.cpp">
      <Filter>Source Files\Ras2D\Platform\Win32</Filter>
    </ClCompile>
    <ClCompile Include="..\..\..\..\Ras2D\View\Scene.cpp">
      <Filter>Source Files\Ras2D\View</Filter>
    </ClCompile>
    <ClCompile Include="..\..\..\..\Ras2D\Math\BaseMath.cpp">
      <Filter>Source Files\Ras2D\Math</Filter>
    </ClCompile>
  </ItemGroup>
  <ItemGroup>
    <ClInclude Include="..\..\..\..\Chip8\cpu.h">
      <Filter>Source Files\Chip8</Filter>
    </ClInclude>
    <ClInclude Include="..\..\..\..\Ras2D\Application\RasApplication.h">
      <Filter>Source Files\Ras2D\Application</Filter>
    </ClInclude>
    <ClInclude Include="..\..\..\..\Ras2D\Controller\Director.h">
      <Filter>Source Files\Ras2D\Controller</Filter>
    </ClInclude>
    <ClInclude Include="..\..\..\..\Ras2D\Util\Log.h">
      <Filter>Source Files\Ras2D\Util</Filter>
    </ClInclude>
    <ClInclude Include="..\..\..\..\Ras2D\View\Node.h">
      <Filter>Source Files\Ras2D\View</Filter>
    </ClInclude>
    <ClInclude Include="..\..\..\..\Chip8\Application.h">
      <Filter>Source Files\Chip8</Filter>
    </ClInclude>
    <ClInclude Include="..\..\..\..\Ras2D\Util\FileUtils.h">
      <Filter>Source Files\Ras2D\Util</Filter>
    </ClInclude>
    <ClInclude Include="..\..\..\..\Config.h">
      <Filter>Source Files</Filter>
    </ClInclude>
    <ClInclude Include="..\..\..\..\Ras2D\View\Scene.h">
      <Filter>Source Files\Ras2D\View</Filter>
    </ClInclude>
    <ClInclude Include="..\..\..\..\Ras2D\Math\BaseMath.h">
      <Filter>Source Files\Ras2D\Math</Filter>
    </ClInclude>
  </ItemGroup>
  <ItemGroup>
    <None Include="..\..\..\..\OpenGL\Shaders\array_fs.glsl">
      <Filter>Resource Files\Shaders</Filter>
    </None>
    <None Include="..\..\..\..\OpenGL\Shaders\array_vs.glsl">
      <Filter>Resource Files\Shaders</Filter>
    </None>
    <None Include="..\..\..\..\OpenGL\Shaders\base_fs.glsl">
      <Filter>Resource Files\Shaders</Filter>
    </None>
    <None Include="..\..\..\..\OpenGL\Shaders\base_vs.glsl">
      <Filter>Resource Files\Shaders</Filter>
    </None>
    <None Include="..\..\..\..\OpenGL\Shaders\colour_fs.glsl">
      <Filter>Resource Files\Shaders</Filter>
    </None>
    <None Include="..\..\..\..\OpenGL\Shaders\colour_vs.glsl">
      <Filter>Resource Files\Shaders</Filter>
    </None>
    <None Include="..\..\..\..\Resources\invaders.c8">
      <Filter>Resource Files\ROMs</Filter>
    </None>
    <None Include="..\..\..\..\Resources\PONG">
      <Filter>Resource Files\ROMs</Filter>
    </None>
    <None Include="..\..\..\..\Resources\pong2.c8">
      <Filter>Resource Files\ROMs</Filter>
    </None>
    <None Include="..\..\..\..\Resources\tetris.c8">
      <Filter>Resource Files\ROMs</Filter>
    </None>
  </ItemGroup>
</Project>